
Microsoft Visual Studio Solution File, Format Version 12.00
# Visual Studio 15
VisualStudioVersion = 15.0.28307.572
MinimumVisualStudioVersion = 10.0.40219.1
Project("{FAE04EC0-301F-11D3-BF4B-00C04F79EFBC}") = "TinyUrl", "TinyUrl\TinyUrl.csproj", "{0A5304E3-8962-4BAA-99DF-8442343CFEF4}"
EndProject
Project("{FAE04EC0-301F-11D3-BF4B-00C04F79EFBC}") = "Database", "Database\Database.csproj", "{EA340707-B789-4BC9-AB0A-94BF1443ED4F}"
EndProject
Global
	GlobalSection(SolutionConfigurationPlatforms) = preSolution
		Debug|Any CPU = Debug|Any CPU
		Release|Any CPU = Release|Any CPU
	EndGlobalSection
	GlobalSection(ProjectConfigurationPlatforms) = postSolution
		{0A5304E3-8962-4BAA-99DF-8442343CFEF4}.Debug|Any CPU.ActiveCfg = Debug|Any CPU
		{0A5304E3-8962-4BAA-99DF-8442343CFEF4}.Debug|Any CPU.Build.0 = Debug|Any CPU
		{0A5304E3-8962-4BAA-99DF-8442343CFEF4}.Release|Any CPU.ActiveCfg = Release|Any CPU
		{0A5304E3-8962-4BAA-99DF-8442343CFEF4}.Release|Any CPU.Build.0 = Release|Any CPU
		{EA340707-B789-4BC9-AB0A-94BF1443ED4F}.Debug|Any CPU.ActiveCfg = Debug|Any CPU
		{EA340707-B789-4BC9-AB0A-94BF1443ED4F}.Debug|Any CPU.Build.0 = Debug|Any CPU
		{EA340707-B789-4BC9-AB0A-94BF1443ED4F}.Release|Any CPU.ActiveCfg = Release|Any CPU
		{EA340707-B789-4BC9-AB0A-94BF1443ED4F}.Release|Any CPU.Build.0 = Release|Any CPU
	EndGlobalSection
	GlobalSection(SolutionProperties) = preSolution
		HideSolutionNode = FALSE
	EndGlobalSection
	GlobalSection(ExtensibilityGlobals) = postSolution
		SolutionGuid = {A9A4A1AD-CAB2-41C3-91CB-ECD690BA4911}
	EndGlobalSection
EndGlobal
